
Microsoft Visual Studio Solution File, Format Version 12.00
# Visual Studio Version 16
VisualStudioVersion = 16.0.31129.286
MinimumVisualStudioVersion = 10.0.40219.1
Project("{FAE04EC0-301F-11D3-BF4B-00C04F79EFBC}") = "WindowsFormsApp1", "WindowsFormsApp1\WindowsFormsApp1.csproj", "{5E31373C-F8DE-400D-B1B4-F3D17D3A521A}"
EndProject
Global
	GlobalSection(SolutionConfigurationPlatforms) = preSolution
		Debug|Any CPU = Debug|Any CPU
		Release|Any CPU = Release|Any CPU
	EndGlobalSection
	GlobalSection(ProjectConfigurationPlatforms) = postSolution
		{5E31373C-F8DE-400D-B1B4-F3D17D3A521A}.Debug|Any CPU.ActiveCfg = Debug|Any CPU
		{5E31373C-F8DE-400D-B1B4-F3D17D3A521A}.Debug|Any CPU.Build.0 = Debug|Any CPU
		{5E31373C-F8DE-400D-B1B4-F3D17D3A521A}.Release|Any CPU.ActiveCfg = Release|Any CPU
		{5E31373C-F8DE-400D-B1B4-F3D17D3A521A}.Release|Any CPU.Build.0 = Release|Any CPU
	EndGlobalSection
	GlobalSection(SolutionProperties) = preSolution
		HideSolutionNode = FALSE
	EndGlobalSection
	GlobalSection(ExtensibilityGlobals) = postSolution
		SolutionGuid = {EE38B85A-C856-489F-A1AA-11BFBEF0DEEC}
	EndGlobalSection
EndGlobal
